
Microsoft Visual Studio Solution File, Format Version 12.00
# Visual Studio Version 17
VisualStudioVersion = 17.13.35825.156
MinimumVisualStudioVersion = 10.0.40219.1
Project("{FAE04EC0-301F-11D3-BF4B-00C04F79EFBC}") = "Clean.API", "CleanAPI\Clean.API.csproj", "{9ABAAA81-41EE-4C35-9F9E-EF25D8E91E7C}"
EndProject
Project("{FAE04EC0-301F-11D3-BF4B-00C04F79EFBC}") = "Clean.Service", "CleanService\Clean.Service.csproj", "{AF94A26C-FC8F-411F-896E-FE935ECCDCAB}"
EndProject
Project("{FAE04EC0-301F-11D3-BF4B-00C04F79EFBC}") = "Clean.Data", "Clean.Data\Clean.Data.csproj", "{57B1241D-9E7C-4D03-9795-CBD6FA9D14C7}"
EndProject
Project("{FAE04EC0-301F-11D3-BF4B-00C04F79EFBC}") = "Clean.Core", "Clean.Core\Clean.Core.csproj", "{0F1D938A-6E6D-498E-B2EE-672327E74273}"
EndProject
Global
	GlobalSection(SolutionConfigurationPlatforms) = preSolution
		Debug|Any CPU = Debug|Any CPU
		Debug|x64 = Debug|x64
		Debug|x86 = Debug|x86
		Release|Any CPU = Release|Any CPU
		Release|x64 = Release|x64
		Release|x86 = Release|x86
	EndGlobalSection
	GlobalSection(ProjectConfigurationPlatforms) = postSolution
		{9ABAAA81-41EE-4C35-9F9E-EF25D8E91E7C}.Debug|Any CPU.ActiveCfg = Debug|Any CPU
		{9ABAAA81-41EE-4C35-9F9E-EF25D8E91E7C}.Debug|Any CPU.Build.0 = Debug|Any CPU
		{9ABAAA81-41EE-4C35-9F9E-EF25D8E91E7C}.Debug|x64.ActiveCfg = Debug|Any CPU
		{9ABAAA81-41EE-4C35-9F9E-EF25D8E91E7C}.Debug|x64.Build.0 = Debug|Any CPU
		{9ABAAA81-41EE-4C35-9F9E-EF25D8E91E7C}.Debug|x86.ActiveCfg = Debug|Any CPU
		{9ABAAA81-41EE-4C35-9F9E-EF25D8E91E7C}.Debug|x86.Build.0 = Debug|Any CPU
		{9ABAAA81-41EE-4C35-9F9E-EF25D8E91E7C}.Release|Any CPU.ActiveCfg = Release|Any CPU
		{9ABAAA81-41EE-4C35-9F9E-EF25D8E91E7C}.Release|Any CPU.Build.0 = Release|Any CPU
		{9ABAAA81-41EE-4C35-9F9E-EF25D8E91E7C}.Release|x64.ActiveCfg = Release|Any CPU
		{9ABAAA81-41EE-4C35-9F9E-EF25D8E91E7C}.Release|x64.Build.0 = Release|Any CPU
		{9ABAAA81-41EE-4C35-9F9E-EF25D8E91E7C}.Release|x86.ActiveCfg = Release|Any CPU
		{9ABAAA81-41EE-4C35-9F9E-EF25D8E91E7C}.Release|x86.Build.0 = Release|Any CPU
		{AF94A26C-FC8F-411F-896E-FE935ECCDCAB}.Debug|Any CPU.ActiveCfg = Debug|Any CPU
		{AF94A26C-FC8F-411F-896E-FE935ECCDCAB}.Debug|Any CPU.Build.0 = Debug|Any CPU
		{AF94A26C-FC8F-411F-896E-FE935ECCDCAB}.Debug|x64.ActiveCfg = Debug|Any CPU
		{AF94A26C-FC8F-411F-896E-FE935ECCDCAB}.Debug|x64.Build.0 = Debug|Any CPU
		{AF94A26C-FC8F-411F-896E-FE935ECCDCAB}.Debug|x86.ActiveCfg = Debug|Any CPU
		{AF94A26C-FC8F-411F-896E-FE935ECCDCAB}.Debug|x86.Build.0 = Debug|Any CPU
		{AF94A26C-FC8F-411F-896E-FE935ECCDCAB}.Release|Any CPU.ActiveCfg = Release|Any CPU
		{AF94A26C-FC8F-411F-896E-FE935ECCDCAB}.Release|Any CPU.Build.0 = Release|Any CPU
		{AF94A26C-FC8F-411F-896E-FE935ECCDCAB}.Release|x64.ActiveCfg = Release|Any CPU
		{AF94A26C-FC8F-411F-896E-FE935ECCDCAB}.Release|x64.Build.0 = Release|Any CPU
		{AF94A26C-FC8F-411F-896E-FE935ECCDCAB}.Release|x86.ActiveCfg = Release|Any CPU
		{AF94A26C-FC8F-411F-896E-FE935ECCDCAB}.Release|x86.Build.0 = Release|Any CPU
		{57B1241D-9E7C-4D03-9795-CBD6FA9D14C7}.Debug|Any CPU.ActiveCfg = Debug|Any CPU
		{57B1241D-9E7C-4D03-9795-CBD6FA9D14C7}.Debug|Any CPU.Build.0 = Debug|Any CPU
		{57B1241D-9E7C-4D03-9795-CBD6FA9D14C7}.Debug|x64.ActiveCfg = Debug|Any CPU
		{57B1241D-9E7C-4D03-9795-CBD6FA9D14C7}.Debug|x64.Build.0 = Debug|Any CPU
		{57B1241D-9E7C-4D03-9795-CBD6FA9D14C7}.Debug|x86.ActiveCfg = Debug|Any CPU
		{57B1241D-9E7C-4D03-9795-CBD6FA9D14C7}.Debug|x86.Build.0 = Debug|Any CPU
		{57B1241D-9E7C-4D03-9795-CBD6FA9D14C7}.Release|Any CPU.ActiveCfg = Release|Any CPU
		{57B1241D-9E7C-4D03-9795-CBD6FA9D14C7}.Release|Any CPU.Build.0 = Release|Any CPU
		{57B1241D-9E7C-4D03-9795-CBD6FA9D14C7}.Release|x64.ActiveCfg = Release|Any CPU
		{57B1241D-9E7C-4D03-9795-CBD6FA9D14C7}.Release|x64.Build.0 = Release|Any CPU
		{57B1241D-9E7C-4D03-9795-CBD6FA9D14C7}.Release|x86.ActiveCfg = Release|Any CPU
		{57B1241D-9E7C-4D03-9795-CBD6FA9D14C7}.Release|x86.Build.0 = Release|Any CPU
		{0F1D938A-6E6D-498E-B2EE-672327E74273}.Debug|Any CPU.ActiveCfg = Debug|Any CPU
		{0F1D938A-6E6D-498E-B2EE-672327E74273}.Debug|Any CPU.Build.0 = Debug|Any CPU
		{0F1D938A-6E6D-498E-B2EE-672327E74273}.Debug|x64.ActiveCfg = Debug|Any CPU
		{0F1D938A-6E6D-498E-B2EE-672327E74273}.Debug|x64.Build.0 = Debug|Any CPU
		{0F1D938A-6E6D-498E-B2EE-672327E74273}.Debug|x86.ActiveCfg = Debug|Any CPU
		{0F1D938A-6E6D-498E-B2EE-672327E74273}.Debug|x86.Build.0 = Debug|Any CPU
		{0F1D938A-6E6D-498E-B2EE-672327E74273}.Release|Any CPU.ActiveCfg = Release|Any CPU
		{0F1D938A-6E6D-498E-B2EE-672327E74273}.Release|Any CPU.Build.0 = Release|Any CPU
		{0F1D938A-6E6D-498E-B2EE-672327E74273}.Release|x64.ActiveCfg = Release|Any CPU
		{0F1D938A-6E6D-498E-B2EE-672327E74273}.Release|x64.Build.0 = Release|Any CPU
		{0F1D938A-6E6D-498E-B2EE-672327E74273}.Release|x86.ActiveCfg = Release|Any CPU
		{0F1D938A-6E6D-498E-B2EE-672327E74273}.Release|x86.Build.0 = Release|Any CPU
	EndGlobalSection
	GlobalSection(SolutionProperties) = preSolution
		HideSolutionNode = FALSE
	EndGlobalSection
	GlobalSection(ExtensibilityGlobals) = postSolution
		SolutionGuid = {8ADA3B99-7B7A-4DE3-9DEC-002A14995497}
	EndGlobalSection
EndGlobal
